
Microsoft Visual Studio Solution File, Format Version 12.00
# Visual Studio Version 16
VisualStudioVersion = 16.0.30413.136
MinimumVisualStudioVersion = 10.0.40219.1
Project("{FAE04EC0-301F-11D3-BF4B-00C04F79EFBC}") = "Timeliner", "Timeliner\Timeliner.csproj", "{64B16F51-5D4E-4038-8ED8-D0BCB418BC14}"
EndProject
Project("{FAE04EC0-301F-11D3-BF4B-00C04F79EFBC}") = "Timeliner.Controls", "Timeliner.Controls\Timeliner.Controls.csproj", "{08BD82DD-8742-46ED-BF26-2BC24058A538}"
EndProject
Project("{FAE04EC0-301F-11D3-BF4B-00C04F79EFBC}") = "Timeliner.StorageClasses", "Timeliner.StorageClasses\Timeliner.StorageClasses.csproj", "{1E14F851-0AE7-4175-8C9A-53E8F440085F}"
EndProject
Project("{FAE04EC0-301F-11D3-BF4B-00C04F79EFBC}") = "Timeliner.Logic", "Timeliner.Logic\Timeliner.Logic.csproj", "{2A430258-82F4-4C32-9F95-9FB64F432430}"
EndProject
Project("{FAE04EC0-301F-11D3-BF4B-00C04F79EFBC}") = "Timeliner.Logic.Tests", "Timeliner.Logic.Tests\Timeliner.Logic.Tests.csproj", "{0EFD2B09-88F3-412F-84C0-2A81A4D588E1}"
EndProject
Global
	GlobalSection(SolutionConfigurationPlatforms) = preSolution
		Debug|Any CPU = Debug|Any CPU
		Release|Any CPU = Release|Any CPU
	EndGlobalSection
	GlobalSection(ProjectConfigurationPlatforms) = postSolution
		{64B16F51-5D4E-4038-8ED8-D0BCB418BC14}.Debug|Any CPU.ActiveCfg = Debug|Any CPU
		{64B16F51-5D4E-4038-8ED8-D0BCB418BC14}.Debug|Any CPU.Build.0 = Debug|Any CPU
		{64B16F51-5D4E-4038-8ED8-D0BCB418BC14}.Release|Any CPU.ActiveCfg = Release|Any CPU
		{64B16F51-5D4E-4038-8ED8-D0BCB418BC14}.Release|Any CPU.Build.0 = Release|Any CPU
		{08BD82DD-8742-46ED-BF26-2BC24058A538}.Debug|Any CPU.ActiveCfg = Debug|Any CPU
		{08BD82DD-8742-46ED-BF26-2BC24058A538}.Debug|Any CPU.Build.0 = Debug|Any CPU
		{08BD82DD-8742-46ED-BF26-2BC24058A538}.Release|Any CPU.ActiveCfg = Release|Any CPU
		{08BD82DD-8742-46ED-BF26-2BC24058A538}.Release|Any CPU.Build.0 = Release|Any CPU
		{1E14F851-0AE7-4175-8C9A-53E8F440085F}.Debug|Any CPU.ActiveCfg = Debug|Any CPU
		{1E14F851-0AE7-4175-8C9A-53E8F440085F}.Debug|Any CPU.Build.0 = Debug|Any CPU
		{1E14F851-0AE7-4175-8C9A-53E8F440085F}.Release|Any CPU.ActiveCfg = Release|Any CPU
		{1E14F851-0AE7-4175-8C9A-53E8F440085F}.Release|Any CPU.Build.0 = Release|Any CPU
		{2A430258-82F4-4C32-9F95-9FB64F432430}.Debug|Any CPU.ActiveCfg = Debug|Any CPU
		{2A430258-82F4-4C32-9F95-9FB64F432430}.Debug|Any CPU.Build.0 = Debug|Any CPU
		{2A430258-82F4-4C32-9F95-9FB64F432430}.Release|Any CPU.ActiveCfg = Release|Any CPU
		{2A430258-82F4-4C32-9F95-9FB64F432430}.Release|Any CPU.Build.0 = Release|Any CPU
		{0EFD2B09-88F3-412F-84C0-2A81A4D588E1}.Debug|Any CPU.ActiveCfg = Debug|Any CPU
		{0EFD2B09-88F3-412F-84C0-2A81A4D588E1}.Debug|Any CPU.Build.0 = Debug|Any CPU
		{0EFD2B09-88F3-412F-84C0-2A81A4D588E1}.Release|Any CPU.ActiveCfg = Release|Any CPU
		{0EFD2B09-88F3-412F-84C0-2A81A4D588E1}.Release|Any CPU.Build.0 = Release|Any CPU
	EndGlobalSection
	GlobalSection(SolutionProperties) = preSolution
		HideSolutionNode = FALSE
	EndGlobalSection
	GlobalSection(ExtensibilityGlobals) = postSolution
		SolutionGuid = {2D43C60B-9286-4CA0-861C-E77F3F170712}
	EndGlobalSection
EndGlobal
